
Microsoft Visual Studio Solution File, Format Version 12.00
Project("{2150E333-8FDC-42A3-9474-1A3956D46DE8}") = "src", "src", "{827E0CD3-B72D-47B6-A68D-7590B98EB39B}"
EndProject
Project("{FAE04EC0-301F-11D3-BF4B-00C04F79EFBC}") = "FCG.Domain", "src\FCG.Domain\FCG.Domain.csproj", "{D446E03B-082A-4442-A661-946345A2AC7F}"
EndProject
Project("{FAE04EC0-301F-11D3-BF4B-00C04F79EFBC}") = "FCG.Application", "src\FCG.Application\FCG.Application.csproj", "{EAEE6B13-F630-44B1-ACE3-5A4BCA81BB90}"
EndProject
Project("{FAE04EC0-301F-11D3-BF4B-00C04F79EFBC}") = "FCG.Infrastructure", "src\FCG.Infrastructure\FCG.Infrastructure.csproj", "{32AA7731-4815-4111-9BEA-4C567010796D}"
EndProject
Project("{FAE04EC0-301F-11D3-BF4B-00C04F79EFBC}") = "FCG.Api", "src\FCG.Api\FCG.Api.csproj", "{2A7B421C-F47E-45C4-930B-0C40CC25377B}"
EndProject
Project("{FAE04EC0-301F-11D3-BF4B-00C04F79EFBC}") = "FCG.Domain.Tests", "tests\FCG.Domain.Tests\FCG.Domain.Tests.csproj", "{06463EB7-AD03-46FB-9E63-6187E949B163}"
EndProject
Project("{2150E333-8FDC-42A3-9474-1A3956D46DE8}") = "tests", "tests", "{0AB3BF05-4346-4AA6-1389-037BE0695223}"
EndProject
Project("{FAE04EC0-301F-11D3-BF4B-00C04F79EFBC}") = "FCG.Application.Tests", "tests\FCG.Application.Tests\FCG.Application.Tests.csproj", "{24AC4BDE-84A3-4624-9A9B-0BC37618F8C7}"
EndProject
Global
	GlobalSection(SolutionConfigurationPlatforms) = preSolution
		Debug|Any CPU = Debug|Any CPU
		Debug|x64 = Debug|x64
		Debug|x86 = Debug|x86
		Release|Any CPU = Release|Any CPU
		Release|x64 = Release|x64
		Release|x86 = Release|x86
	EndGlobalSection
	GlobalSection(ProjectConfigurationPlatforms) = postSolution
		{D446E03B-082A-4442-A661-946345A2AC7F}.Debug|Any CPU.ActiveCfg = Debug|Any CPU
		{D446E03B-082A-4442-A661-946345A2AC7F}.Debug|Any CPU.Build.0 = Debug|Any CPU
		{D446E03B-082A-4442-A661-946345A2AC7F}.Debug|x64.ActiveCfg = Debug|Any CPU
		{D446E03B-082A-4442-A661-946345A2AC7F}.Debug|x64.Build.0 = Debug|Any CPU
		{D446E03B-082A-4442-A661-946345A2AC7F}.Debug|x86.ActiveCfg = Debug|Any CPU
		{D446E03B-082A-4442-A661-946345A2AC7F}.Debug|x86.Build.0 = Debug|Any CPU
		{D446E03B-082A-4442-A661-946345A2AC7F}.Release|Any CPU.ActiveCfg = Release|Any CPU
		{D446E03B-082A-4442-A661-946345A2AC7F}.Release|Any CPU.Build.0 = Release|Any CPU
		{D446E03B-082A-4442-A661-946345A2AC7F}.Release|x64.ActiveCfg = Release|Any CPU
		{D446E03B-082A-4442-A661-946345A2AC7F}.Release|x64.Build.0 = Release|Any CPU
		{D446E03B-082A-4442-A661-946345A2AC7F}.Release|x86.ActiveCfg = Release|Any CPU
		{D446E03B-082A-4442-A661-946345A2AC7F}.Release|x86.Build.0 = Release|Any CPU
		{EAEE6B13-F630-44B1-ACE3-5A4BCA81BB90}.Debug|Any CPU.ActiveCfg = Debug|Any CPU
		{EAEE6B13-F630-44B1-ACE3-5A4BCA81BB90}.Debug|Any CPU.Build.0 = Debug|Any CPU
		{EAEE6B13-F630-44B1-ACE3-5A4BCA81BB90}.Debug|x64.ActiveCfg = Debug|Any CPU
		{EAEE6B13-F630-44B1-ACE3-5A4BCA81BB90}.Debug|x64.Build.0 = Debug|Any CPU
		{EAEE6B13-F630-44B1-ACE3-5A4BCA81BB90}.Debug|x86.ActiveCfg = Debug|Any CPU
		{EAEE6B13-F630-44B1-ACE3-5A4BCA81BB90}.Debug|x86.Build.0 = Debug|Any CPU
		{EAEE6B13-F630-44B1-ACE3-5A4BCA81BB90}.Release|Any CPU.ActiveCfg = Release|Any CPU
		{EAEE6B13-F630-44B1-ACE3-5A4BCA81BB90}.Release|Any CPU.Build.0 = Release|Any CPU
		{EAEE6B13-F630-44B1-ACE3-5A4BCA81BB90}.Release|x64.ActiveCfg = Release|Any CPU
		{EAEE6B13-F630-44B1-ACE3-5A4BCA81BB90}.Release|x64.Build.0 = Release|Any CPU
		{EAEE6B13-F630-44B1-ACE3-5A4BCA81BB90}.Release|x86.ActiveCfg = Release|Any CPU
		{EAEE6B13-F630-44B1-ACE3-5A4BCA81BB90}.Release|x86.Build.0 = Release|Any CPU
		{32AA7731-4815-4111-9BEA-4C567010796D}.Debug|Any CPU.ActiveCfg = Debug|Any CPU
		{32AA7731-4815-4111-9BEA-4C567010796D}.Debug|Any CPU.Build.0 = Debug|Any CPU
		{32AA7731-4815-4111-9BEA-4C567010796D}.Debug|x64.ActiveCfg = Debug|Any CPU
		{32AA7731-4815-4111-9BEA-4C567010796D}.Debug|x64.Build.0 = Debug|Any CPU
		{32AA7731-4815-4111-9BEA-4C567010796D}.Debug|x86.ActiveCfg = Debug|Any CPU
		{32AA7731-4815-4111-9BEA-4C567010796D}.Debug|x86.Build.0 = Debug|Any CPU
		{32AA7731-4815-4111-9BEA-4C567010796D}.Release|Any CPU.ActiveCfg = Release|Any CPU
		{32AA7731-4815-4111-9BEA-4C567010796D}.Release|Any CPU.Build.0 = Release|Any CPU
		{32AA7731-4815-4111-9BEA-4C567010796D}.Release|x64.ActiveCfg = Release|Any CPU
		{32AA7731-4815-4111-9BEA-4C567010796D}.Release|x64.Build.0 = Release|Any CPU
		{32AA7731-4815-4111-9BEA-4C567010796D}.Release|x86.ActiveCfg = Release|Any CPU
		{32AA7731-4815-4111-9BEA-4C567010796D}.Release|x86.Build.0 = Release|Any CPU
		{2A7B421C-F47E-45C4-930B-0C40CC25377B}.Debug|Any CPU.ActiveCfg = Debug|Any CPU
		{2A7B421C-F47E-45C4-930B-0C40CC25377B}.Debug|Any CPU.Build.0 = Debug|Any CPU
		{2A7B421C-F47E-45C4-930B-0C40CC25377B}.Debug|x64.ActiveCfg = Debug|Any CPU
		{2A7B421C-F47E-45C4-930B-0C40CC25377B}.Debug|x64.Build.0 = Debug|Any CPU
		{2A7B421C-F47E-45C4-930B-0C40CC25377B}.Debug|x86.ActiveCfg = Debug|Any CPU
		{2A7B421C-F47E-45C4-930B-0C40CC25377B}.Debug|x86.Build.0 = Debug|Any CPU
		{2A7B421C-F47E-45C4-930B-0C40CC25377B}.Release|Any CPU.ActiveCfg = Release|Any CPU
		{2A7B421C-F47E-45C4-930B-0C40CC25377B}.Release|Any CPU.Build.0 = Release|Any CPU
		{2A7B421C-F47E-45C4-930B-0C40CC25377B}.Release|x64.ActiveCfg = Release|Any CPU
		{2A7B421C-F47E-45C4-930B-0C40CC25377B}.Release|x64.Build.0 = Release|Any CPU
		{2A7B421C-F47E-45C4-930B-0C40CC25377B}.Release|x86.ActiveCfg = Release|Any CPU
		{2A7B421C-F47E-45C4-930B-0C40CC25377B}.Release|x86.Build.0 = Release|Any CPU
		{06463EB7-AD03-46FB-9E63-6187E949B163}.Debug|Any CPU.ActiveCfg = Debug|Any CPU
		{06463EB7-AD03-46FB-9E63-6187E949B163}.Debug|Any CPU.Build.0 = Debug|Any CPU
		{06463EB7-AD03-46FB-9E63-6187E949B163}.Debug|x64.ActiveCfg = Debug|Any CPU
		{06463EB7-AD03-46FB-9E63-6187E949B163}.Debug|x64.Build.0 = Debug|Any CPU
		{06463EB7-AD03-46FB-9E63-6187E949B163}.Debug|x86.ActiveCfg = Debug|Any CPU
		{06463EB7-AD03-46FB-9E63-6187E949B163}.Debug|x86.Build.0 = Debug|Any CPU
		{06463EB7-AD03-46FB-9E63-6187E949B163}.Release|Any CPU.ActiveCfg = Release|Any CPU
		{06463EB7-AD03-46FB-9E63-6187E949B163}.Release|Any CPU.Build.0 = Release|Any CPU
		{06463EB7-AD03-46FB-9E63-6187E949B163}.Release|x64.ActiveCfg = Release|Any CPU
		{06463EB7-AD03-46FB-9E63-6187E949B163}.Release|x64.Build.0 = Release|Any CPU
		{06463EB7-AD03-46FB-9E63-6187E949B163}.Release|x86.ActiveCfg = Release|Any CPU
		{06463EB7-AD03-46FB-9E63-6187E949B163}.Release|x86.Build.0 = Release|Any CPU
		{24AC4BDE-84A3-4624-9A9B-0BC37618F8C7}.Debug|Any CPU.ActiveCfg = Debug|Any CPU
		{24AC4BDE-84A3-4624-9A9B-0BC37618F8C7}.Debug|Any CPU.Build.0 = Debug|Any CPU
		{24AC4BDE-84A3-4624-9A9B-0BC37618F8C7}.Debug|x64.ActiveCfg = Debug|Any CPU
		{24AC4BDE-84A3-4624-9A9B-0BC37618F8C7}.Debug|x64.Build.0 = Debug|Any CPU
		{24AC4BDE-84A3-4624-9A9B-0BC37618F8C7}.Debug|x86.ActiveCfg = Debug|Any CPU
		{24AC4BDE-84A3-4624-9A9B-0BC37618F8C7}.Debug|x86.Build.0 = Debug|Any CPU
		{24AC4BDE-84A3-4624-9A9B-0BC37618F8C7}.Release|Any CPU.ActiveCfg = Release|Any CPU
		{24AC4BDE-84A3-4624-9A9B-0BC37618F8C7}.Release|Any CPU.Build.0 = Release|Any CPU
		{24AC4BDE-84A3-4624-9A9B-0BC37618F8C7}.Release|x64.ActiveCfg = Release|Any CPU
		{24AC4BDE-84A3-4624-9A9B-0BC37618F8C7}.Release|x64.Build.0 = Release|Any CPU
		{24AC4BDE-84A3-4624-9A9B-0BC37618F8C7}.Release|x86.ActiveCfg = Release|Any CPU
		{24AC4BDE-84A3-4624-9A9B-0BC37618F8C7}.Release|x86.Build.0 = Release|Any CPU
	EndGlobalSection
	GlobalSection(SolutionProperties) = preSolution
		HideSolutionNode = FALSE
	EndGlobalSection
	GlobalSection(NestedProjects) = preSolution
		{D446E03B-082A-4442-A661-946345A2AC7F} = {827E0CD3-B72D-47B6-A68D-7590B98EB39B}
		{EAEE6B13-F630-44B1-ACE3-5A4BCA81BB90} = {827E0CD3-B72D-47B6-A68D-7590B98EB39B}
		{32AA7731-4815-4111-9BEA-4C567010796D} = {827E0CD3-B72D-47B6-A68D-7590B98EB39B}
		{2A7B421C-F47E-45C4-930B-0C40CC25377B} = {827E0CD3-B72D-47B6-A68D-7590B98EB39B}
		{06463EB7-AD03-46FB-9E63-6187E949B163} = {827E0CD3-B72D-47B6-A68D-7590B98EB39B}
		{24AC4BDE-84A3-4624-9A9B-0BC37618F8C7} = {0AB3BF05-4346-4AA6-1389-037BE0695223}
	EndGlobalSection
EndGlobal
